# THIS IS AN AUTOGENERATED FILE. DO NOT EDIT THIS FILE DIRECTLY.
# yarn lockfile v1


"@types/tampermonkey@^4.0.10":
  version "4.0.10"
  resolved "https://registry.npmmirror.com/@types/tampermonkey/-/tampermonkey-4.0.10.tgz#d5f8eaedce5fd6d57f74d890c59ee6f70b4e8683"
  integrity sha512-E3SYtXgeXG/nnq6uAPiZh7i0XA8jLbtiXraxxHTnsSjzQcQMxWBzbcoGkHgiC+zbHXxxkynUT9zt85SpF8loNw==
